
Microsoft Visual Studio Solution File, Format Version 12.00
# Visual Studio Version 17
VisualStudioVersion = 17.0.31903.59
MinimumVisualStudioVersion = 10.0.40219.1
Project("{2150E333-8FDC-42A3-9474-1A3956D46DE8}") = "src", "src", "{827E0CD3-B72D-47B6-A68D-7590B98EB39B}"
EndProject
Project("{FAE04EC0-301F-11D3-BF4B-00C04F79EFBC}") = "PurviewConsortium.Core", "src\PurviewConsortium.Core\PurviewConsortium.Core.csproj", "{65912A4A-BFE4-4F18-A677-2B60D1F2A171}"
EndProject
Project("{FAE04EC0-301F-11D3-BF4B-00C04F79EFBC}") = "PurviewConsortium.Infrastructure", "src\PurviewConsortium.Infrastructure\PurviewConsortium.Infrastructure.csproj", "{6D0AD25C-79D4-4169-9454-8A00D1B812F0}"
EndProject
Project("{FAE04EC0-301F-11D3-BF4B-00C04F79EFBC}") = "PurviewConsortium.Api", "src\PurviewConsortium.Api\PurviewConsortium.Api.csproj", "{8DC06520-1BBD-4F4E-9170-76180820E193}"
EndProject
Project("{FAE04EC0-301F-11D3-BF4B-00C04F79EFBC}") = "PurviewConsortium.Functions", "src\PurviewConsortium.Functions\PurviewConsortium.Functions.csproj", "{82D9807F-66EA-4E37-9686-1C1AD18DBEB2}"
EndProject
Global
	GlobalSection(SolutionConfigurationPlatforms) = preSolution
		Debug|Any CPU = Debug|Any CPU
		Debug|x64 = Debug|x64
		Debug|x86 = Debug|x86
		Release|Any CPU = Release|Any CPU
		Release|x64 = Release|x64
		Release|x86 = Release|x86
	EndGlobalSection
	GlobalSection(ProjectConfigurationPlatforms) = postSolution
		{65912A4A-BFE4-4F18-A677-2B60D1F2A171}.Debug|Any CPU.ActiveCfg = Debug|Any CPU
		{65912A4A-BFE4-4F18-A677-2B60D1F2A171}.Debug|Any CPU.Build.0 = Debug|Any CPU
		{65912A4A-BFE4-4F18-A677-2B60D1F2A171}.Debug|x64.ActiveCfg = Debug|Any CPU
		{65912A4A-BFE4-4F18-A677-2B60D1F2A171}.Debug|x64.Build.0 = Debug|Any CPU
		{65912A4A-BFE4-4F18-A677-2B60D1F2A171}.Debug|x86.ActiveCfg = Debug|Any CPU
		{65912A4A-BFE4-4F18-A677-2B60D1F2A171}.Debug|x86.Build.0 = Debug|Any CPU
		{65912A4A-BFE4-4F18-A677-2B60D1F2A171}.Release|Any CPU.ActiveCfg = Release|Any CPU
		{65912A4A-BFE4-4F18-A677-2B60D1F2A171}.Release|Any CPU.Build.0 = Release|Any CPU
		{65912A4A-BFE4-4F18-A677-2B60D1F2A171}.Release|x64.ActiveCfg = Release|Any CPU
		{65912A4A-BFE4-4F18-A677-2B60D1F2A171}.Release|x64.Build.0 = Release|Any CPU
		{65912A4A-BFE4-4F18-A677-2B60D1F2A171}.Release|x86.ActiveCfg = Release|Any CPU
		{65912A4A-BFE4-4F18-A677-2B60D1F2A171}.Release|x86.Build.0 = Release|Any CPU
		{6D0AD25C-79D4-4169-9454-8A00D1B812F0}.Debug|Any CPU.ActiveCfg = Debug|Any CPU
		{6D0AD25C-79D4-4169-9454-8A00D1B812F0}.Debug|Any CPU.Build.0 = Debug|Any CPU
		{6D0AD25C-79D4-4169-9454-8A00D1B812F0}.Debug|x64.ActiveCfg = Debug|Any CPU
		{6D0AD25C-79D4-4169-9454-8A00D1B812F0}.Debug|x64.Build.0 = Debug|Any CPU
		{6D0AD25C-79D4-4169-9454-8A00D1B812F0}.Debug|x86.ActiveCfg = Debug|Any CPU
		{6D0AD25C-79D4-4169-9454-8A00D1B812F0}.Debug|x86.Build.0 = Debug|Any CPU
		{6D0AD25C-79D4-4169-9454-8A00D1B812F0}.Release|Any CPU.ActiveCfg = Release|Any CPU
		{6D0AD25C-79D4-4169-9454-8A00D1B812F0}.Release|Any CPU.Build.0 = Release|Any CPU
		{6D0AD25C-79D4-4169-9454-8A00D1B812F0}.Release|x64.ActiveCfg = Release|Any CPU
		{6D0AD25C-79D4-4169-9454-8A00D1B812F0}.Release|x64.Build.0 = Release|Any CPU
		{6D0AD25C-79D4-4169-9454-8A00D1B812F0}.Release|x86.ActiveCfg = Release|Any CPU
		{6D0AD25C-79D4-4169-9454-8A00D1B812F0}.Release|x86.Build.0 = Release|Any CPU
		{8DC06520-1BBD-4F4E-9170-76180820E193}.Debug|Any CPU.ActiveCfg = Debug|Any CPU
		{8DC06520-1BBD-4F4E-9170-76180820E193}.Debug|Any CPU.Build.0 = Debug|Any CPU
		{8DC06520-1BBD-4F4E-9170-76180820E193}.Debug|x64.ActiveCfg = Debug|Any CPU
		{8DC06520-1BBD-4F4E-9170-76180820E193}.Debug|x64.Build.0 = Debug|Any CPU
		{8DC06520-1BBD-4F4E-9170-76180820E193}.Debug|x86.ActiveCfg = Debug|Any CPU
		{8DC06520-1BBD-4F4E-9170-76180820E193}.Debug|x86.Build.0 = Debug|Any CPU
		{8DC06520-1BBD-4F4E-9170-76180820E193}.Release|Any CPU.ActiveCfg = Release|Any CPU
		{8DC06520-1BBD-4F4E-9170-76180820E193}.Release|Any CPU.Build.0 = Release|Any CPU
		{8DC06520-1BBD-4F4E-9170-76180820E193}.Release|x64.ActiveCfg = Release|Any CPU
		{8DC06520-1BBD-4F4E-9170-76180820E193}.Release|x64.Build.0 = Release|Any CPU
		{8DC06520-1BBD-4F4E-9170-76180820E193}.Release|x86.ActiveCfg = Release|Any CPU
		{8DC06520-1BBD-4F4E-9170-76180820E193}.Release|x86.Build.0 = Release|Any CPU
		{82D9807F-66EA-4E37-9686-1C1AD18DBEB2}.Debug|Any CPU.ActiveCfg = Debug|Any CPU
		{82D9807F-66EA-4E37-9686-1C1AD18DBEB2}.Debug|Any CPU.Build.0 = Debug|Any CPU
		{82D9807F-66EA-4E37-9686-1C1AD18DBEB2}.Debug|x64.ActiveCfg = Debug|Any CPU
		{82D9807F-66EA-4E37-9686-1C1AD18DBEB2}.Debug|x64.Build.0 = Debug|Any CPU
		{82D9807F-66EA-4E37-9686-1C1AD18DBEB2}.Debug|x86.ActiveCfg = Debug|Any CPU
		{82D9807F-66EA-4E37-9686-1C1AD18DBEB2}.Debug|x86.Build.0 = Debug|Any CPU
		{82D9807F-66EA-4E37-9686-1C1AD18DBEB2}.Release|Any CPU.ActiveCfg = Release|Any CPU
		{82D9807F-66EA-4E37-9686-1C1AD18DBEB2}.Release|Any CPU.Build.0 = Release|Any CPU
		{82D9807F-66EA-4E37-9686-1C1AD18DBEB2}.Release|x64.ActiveCfg = Release|Any CPU
		{82D9807F-66EA-4E37-9686-1C1AD18DBEB2}.Release|x64.Build.0 = Release|Any CPU
		{82D9807F-66EA-4E37-9686-1C1AD18DBEB2}.Release|x86.ActiveCfg = Release|Any CPU
		{82D9807F-66EA-4E37-9686-1C1AD18DBEB2}.Release|x86.Build.0 = Release|Any CPU
	EndGlobalSection
	GlobalSection(SolutionProperties) = preSolution
		HideSolutionNode = FALSE
	EndGlobalSection
	GlobalSection(NestedProjects) = preSolution
		{65912A4A-BFE4-4F18-A677-2B60D1F2A171} = {827E0CD3-B72D-47B6-A68D-7590B98EB39B}
		{6D0AD25C-79D4-4169-9454-8A00D1B812F0} = {827E0CD3-B72D-47B6-A68D-7590B98EB39B}
		{8DC06520-1BBD-4F4E-9170-76180820E193} = {827E0CD3-B72D-47B6-A68D-7590B98EB39B}
		{82D9807F-66EA-4E37-9686-1C1AD18DBEB2} = {827E0CD3-B72D-47B6-A68D-7590B98EB39B}
	EndGlobalSection
EndGlobal
